
Microsoft Visual Studio Solution File, Format Version 12.00
# Visual Studio Version 17
VisualStudioVersion = 17.3.32819.101
MinimumVisualStudioVersion = 10.0.40219.1
Project("{FAE04EC0-301F-11D3-BF4B-00C04F79EFBC}") = "questão.06", "questão.06.csproj", "{686812E9-72F4-42AE-A5AD-43F8A2901D5B}"
EndProject
Global
	GlobalSection(SolutionConfigurationPlatforms) = preSolution
		Debug|Any CPU = Debug|Any CPU
		Release|Any CPU = Release|Any CPU
	EndGlobalSection
	GlobalSection(ProjectConfigurationPlatforms) = postSolution
		{686812E9-72F4-42AE-A5AD-43F8A2901D5B}.Debug|Any CPU.ActiveCfg = Debug|Any CPU
		{686812E9-72F4-42AE-A5AD-43F8A2901D5B}.Debug|Any CPU.Build.0 = Debug|Any CPU
		{686812E9-72F4-42AE-A5AD-43F8A2901D5B}.Release|Any CPU.ActiveCfg = Release|Any CPU
		{686812E9-72F4-42AE-A5AD-43F8A2901D5B}.Release|Any CPU.Build.0 = Release|Any CPU
	EndGlobalSection
	GlobalSection(SolutionProperties) = preSolution
		HideSolutionNode = FALSE
	EndGlobalSection
	GlobalSection(ExtensibilityGlobals) = postSolution
		SolutionGuid = {87AE8F86-391D-4E8C-ADAC-23111A8DC93C}
	EndGlobalSection
EndGlobal
